
Microsoft Visual Studio Solution File, Format Version 12.00
# Visual Studio Version 17
VisualStudioVersion = 17.14.36221.1
MinimumVisualStudioVersion = 10.0.40219.1
Project("{FAE04EC0-301F-11D3-BF4B-00C04F79EFBC}") = "GerenciadorCertificados", "GerenciadorCertificados\GerenciadorCertificados.csproj", "{D4ECB0BB-8565-45D9-97F8-76F5618B9E03}"
EndProject
Project("{FAE04EC0-301F-11D3-BF4B-00C04F79EFBC}") = "TestProject1", "TestProject1\TestProject1.csproj", "{AFD59C32-D536-43BF-B2BF-7A3225BAD44B}"
EndProject
Global
	GlobalSection(SolutionConfigurationPlatforms) = preSolution
		Debug|Any CPU = Debug|Any CPU
		Release|Any CPU = Release|Any CPU
	EndGlobalSection
	GlobalSection(ProjectConfigurationPlatforms) = postSolution
		{D4ECB0BB-8565-45D9-97F8-76F5618B9E03}.Debug|Any CPU.ActiveCfg = Debug|Any CPU
		{D4ECB0BB-8565-45D9-97F8-76F5618B9E03}.Debug|Any CPU.Build.0 = Debug|Any CPU
		{D4ECB0BB-8565-45D9-97F8-76F5618B9E03}.Release|Any CPU.ActiveCfg = Release|Any CPU
		{D4ECB0BB-8565-45D9-97F8-76F5618B9E03}.Release|Any CPU.Build.0 = Release|Any CPU
		{AFD59C32-D536-43BF-B2BF-7A3225BAD44B}.Debug|Any CPU.ActiveCfg = Debug|Any CPU
		{AFD59C32-D536-43BF-B2BF-7A3225BAD44B}.Debug|Any CPU.Build.0 = Debug|Any CPU
		{AFD59C32-D536-43BF-B2BF-7A3225BAD44B}.Release|Any CPU.ActiveCfg = Release|Any CPU
		{AFD59C32-D536-43BF-B2BF-7A3225BAD44B}.Release|Any CPU.Build.0 = Release|Any CPU
	EndGlobalSection
	GlobalSection(SolutionProperties) = preSolution
		HideSolutionNode = FALSE
	EndGlobalSection
	GlobalSection(ExtensibilityGlobals) = postSolution
		SolutionGuid = {4E1D13C7-3C42-4A95-9A58-3E4DD66D50D2}
	EndGlobalSection
EndGlobal
